# THIS IS AN AUTOGENERATED FILE. DO NOT EDIT THIS FILE DIRECTLY.
# yarn lockfile v1


bs-platform@^7.2.2:
  version "7.2.2"
  resolved "https://registry.yarnpkg.com/bs-platform/-/bs-platform-7.2.2.tgz#76fdc63e4889458ae3d257a0132107a792f2309c"
  integrity sha512-PWcFfN+jCTtT/rMaHDhKh+W9RUTpaRunmSF9vbLYcrJbpgCNW6aFKAY33u0P3mLxwuhshN3b4FxqGUBPj6exZQ==

nanoid@^3.0.1:
  version "3.0.1"
  resolved "https://registry.yarnpkg.com/nanoid/-/nanoid-3.0.1.tgz#8fb66b6910902327d4a47f623f9a3e502d563edf"
  integrity sha512-y5gyHbIZQUaim/PrgYLd27MPoDIbGk9Yv5WeWLzFcfDxdV0svMV6geY6G/z/gWrP+OiBrj4SJ+z3Tpyn6IaMOA==
